
Microsoft Visual Studio Solution File, Format Version 12.00
# Visual Studio Version 17
VisualStudioVersion = 17.0.31903.59
MinimumVisualStudioVersion = 10.0.40219.1
Project("{FAE04EC0-301F-11D3-BF4B-00C04F79EFBC}") = "PaymentProcessorMiddleware", "PaymentProcessorMiddleware\PaymentProcessorMiddleware.csproj", "{C7ED5653-9279-4E84-9E38-CB34D399EAB9}"
EndProject
Project("{2150E333-8FDC-42A3-9474-1A3956D46DE8}") = "infra", "infra", "{FEAAC4A5-6575-4E24-8CB0-3F4A4FA0AD7A}"
	ProjectSection(SolutionItems) = preProject
		..\docker-compose.yml = ..\docker-compose.yml
		..\config\setup.sql = ..\config\setup.sql
	EndProjectSection
EndProject
Global
	GlobalSection(SolutionConfigurationPlatforms) = preSolution
		Debug|Any CPU = Debug|Any CPU
		Release|Any CPU = Release|Any CPU
	EndGlobalSection
	GlobalSection(ProjectConfigurationPlatforms) = postSolution
		{C7ED5653-9279-4E84-9E38-CB34D399EAB9}.Debug|Any CPU.ActiveCfg = Debug|Any CPU
		{C7ED5653-9279-4E84-9E38-CB34D399EAB9}.Debug|Any CPU.Build.0 = Debug|Any CPU
		{C7ED5653-9279-4E84-9E38-CB34D399EAB9}.Release|Any CPU.ActiveCfg = Release|Any CPU
		{C7ED5653-9279-4E84-9E38-CB34D399EAB9}.Release|Any CPU.Build.0 = Release|Any CPU
	EndGlobalSection
	GlobalSection(SolutionProperties) = preSolution
		HideSolutionNode = FALSE
	EndGlobalSection
EndGlobal
